
Microsoft Visual Studio Solution File, Format Version 12.00
# Visual Studio Version 17
VisualStudioVersion = 17.7.34031.279
MinimumVisualStudioVersion = 10.0.40219.1
Project("{8BC9CEB8-8B4A-11D0-8D11-00A0C91BC942}") = "Functors", "Functors\Functors.vcxproj", "{02553A19-9E23-4589-BDCD-724DBD96F2CB}"
EndProject
Global
	GlobalSection(SolutionConfigurationPlatforms) = preSolution
		Debug|x64 = Debug|x64
		Debug|x86 = Debug|x86
		Release|x64 = Release|x64
		Release|x86 = Release|x86
	EndGlobalSection
	GlobalSection(ProjectConfigurationPlatforms) = postSolution
		{02553A19-9E23-4589-BDCD-724DBD96F2CB}.Debug|x64.ActiveCfg = Debug|x64
		{02553A19-9E23-4589-BDCD-724DBD96F2CB}.Debug|x64.Build.0 = Debug|x64
		{02553A19-9E23-4589-BDCD-724DBD96F2CB}.Debug|x86.ActiveCfg = Debug|Win32
		{02553A19-9E23-4589-BDCD-724DBD96F2CB}.Debug|x86.Build.0 = Debug|Win32
		{02553A19-9E23-4589-BDCD-724DBD96F2CB}.Release|x64.ActiveCfg = Release|x64
		{02553A19-9E23-4589-BDCD-724DBD96F2CB}.Release|x64.Build.0 = Release|x64
		{02553A19-9E23-4589-BDCD-724DBD96F2CB}.Release|x86.ActiveCfg = Release|Win32
		{02553A19-9E23-4589-BDCD-724DBD96F2CB}.Release|x86.Build.0 = Release|Win32
	EndGlobalSection
	GlobalSection(SolutionProperties) = preSolution
		HideSolutionNode = FALSE
	EndGlobalSection
	GlobalSection(ExtensibilityGlobals) = postSolution
		SolutionGuid = {3A3CFBB3-3024-43B2-89C3-E1849DAA66E6}
	EndGlobalSection
EndGlobal
